// !$*UTF8*$!
{
	archiveVersion = 1;
	classes = {
	};
	objectVersion = 50;
	objects = {

/* Begin PBXBuildFile section */
		1B195B2E21B7945200AC22C2 /* AppDelegate.swift in Sources */ = {isa = PBXBuildFile; fileRef = 1B195B2D21B7945200AC22C2 /* AppDelegate.swift */; };
		1B195B3321B7945200AC22C2 /* Main.storyboard in Resources */ = {isa = PBXBuildFile; fileRef = 1B195B3121B7945200AC22C2 /* Main.storyboard */; };
		1B195B3521B7945300AC22C2 /* Assets.xcassets in Resources */ = {isa = PBXBuildFile; fileRef = 1B195B3421B7945300AC22C2 /* Assets.xcassets */; };
		1B195B3821B7945300AC22C2 /* LaunchScreen.storyboard in Resources */ = {isa = PBXBuildFile; fileRef = 1B195B3621B7945300AC22C2 /* LaunchScreen.storyboard */; };
		1B195B4121B794D800AC22C2 /* TaskListTableViewController.swift in Sources */ = {isa = PBXBuildFile; fileRef = 1B195B4021B794D800AC22C2 /* TaskListTableViewController.swift */; };
		1B195B4321B7958F00AC22C2 /* TaskDetailTableViewController.swift in Sources */ = {isa = PBXBuildFile; fileRef = 1B195B4221B7958F00AC22C2 /* TaskDetailTableViewController.swift */; };
		1B195B4521B795AA00AC22C2 /* CoreDataStack.swift in Sources */ = {isa = PBXBuildFile; fileRef = 1B195B4421B795AA00AC22C2 /* CoreDataStack.swift */; };
		1B195B4821B795F100AC22C2 /* Task.xcdatamodeld in Sources */ = {isa = PBXBuildFile; fileRef = 1B195B4621B795F100AC22C2 /* Task.xcdatamodeld */; };
		1B195B4C21B796D200AC22C2 /* Task+Convenience.swift in Sources */ = {isa = PBXBuildFile; fileRef = 1B195B4B21B796D200AC22C2 /* Task+Convenience.swift */; };
		1B195B4E21B797C200AC22C2 /* TaskController.swift in Sources */ = {isa = PBXBuildFile; fileRef = 1B195B4D21B797C200AC22C2 /* TaskController.swift */; };
/* End PBXBuildFile section */

/* Begin PBXFileReference section */
		1B195B2A21B7945200AC22C2 /* Task.app */ = {isa = PBXFileReference; explicitFileType = wrapper.application; includeInIndex = 0; path = Task.app; sourceTree = BUILT_PRODUCTS_DIR; };
		1B195B2D21B7945200AC22C2 /* AppDelegate.swift */ = {isa = PBXFileReference; lastKnownFileType = sourcecode.swift; path = AppDelegate.swift; sourceTree = "<group>"; };
		1B195B3221B7945200AC22C2 /* Base */ = {isa = PBXFileReference; lastKnownFileType = file.storyboard; name = Base; path = Base.lproj/Main.storyboard; sourceTree = "<group>"; };
		1B195B3421B7945300AC22C2 /* Assets.xcassets */ = {isa = PBXFileReference; lastKnownFileType = folder.assetcatalog; path = Assets.xcassets; sourceTree = "<group>"; };
		1B195B3721B7945300AC22C2 /* Base */ = {isa = PBXFileReference; lastKnownFileType = file.storyboard; name = Base; path = Base.lproj/LaunchScreen.storyboard; sourceTree = "<group>"; };
		1B195B3921B7945300AC22C2 /* Info.plist */ = {isa = PBXFileReference; lastKnownFileType = text.plist.xml; path = Info.plist; sourceTree = "<group>"; };
		1B195B4021B794D800AC22C2 /* TaskListTableViewController.swift */ = {isa = PBXFileReference; lastKnownFileType = sourcecode.swift; path = TaskListTableViewController.swift; sourceTree = "<group>"; };
		1B195B4221B7958F00AC22C2 /* TaskDetailTableViewController.swift */ = {isa = PBXFileReference; lastKnownFileType = sourcecode.swift; path = TaskDetailTableViewController.swift; sourceTree = "<group>"; };
		1B195B4421B795AA00AC22C2 /* CoreDataStack.swift */ = {isa = PBXFileReference; lastKnownFileType = sourcecode.swift; path = CoreDataStack.swift; sourceTree = "<group>"; };
		1B195B4721B795F100AC22C2 /* Task.xcdatamodel */ = {isa = PBXFileReference; lastKnownFileType = wrapper.xcdatamodel; path = Task.xcdatamodel; sourceTree = "<group>"; };
		1B195B4B21B796D200AC22C2 /* Task+Convenience.swift */ = {isa = PBXFileReference; lastKnownFileType = sourcecode.swift; path = "Task+Convenience.swift"; sourceTree = "<group>"; };
		1B195B4D21B797C200AC22C2 /* TaskController.swift */ = {isa = PBXFileReference; lastKnownFileType = sourcecode.swift; path = TaskController.swift; sourceTree = "<group>"; };
/* End PBXFileReference section */

/* Begin PBXFrameworksBuildPhase section */
		1B195B2721B7945200AC22C2 /* Frameworks */ = {
			isa = PBXFrameworksBuildPhase;
			buildActionMask = 2147483647;
			files = (
			);
			runOnlyForDeploymentPostprocessing = 0;
		};
/* End PBXFrameworksBuildPhase section */

/* Begin PBXGroup section */
		1B195B2121B7945200AC22C2 = {
			isa = PBXGroup;
			children = (
				1B195B2C21B7945200AC22C2 /* Task */,
				1B195B2B21B7945200AC22C2 /* Products */,
			);
			sourceTree = "<group>";
		};
		1B195B2B21B7945200AC22C2 /* Products */ = {
			isa = PBXGroup;
			children = (
				1B195B2A21B7945200AC22C2 /* Task.app */,
			);
			name = Products;
			sourceTree = "<group>";
		};
		1B195B2C21B7945200AC22C2 /* Task */ = {
			isa = PBXGroup;
			children = (
				1B195B3121B7945200AC22C2 /* Main.storyboard */,
				1B195B4921B795FA00AC22C2 /* Model */,
				1B195B4F21B797C800AC22C2 /* ModelControllers */,
				1B195B4A21B7960100AC22C2 /* ViewControllers */,
				1B195B3F21B794A900AC22C2 /* Resources */,
			);
			path = Task;
			sourceTree = "<group>";
		};
		1B195B3F21B794A900AC22C2 /* Resources */ = {
			isa = PBXGroup;
			children = (
				1B195B2D21B7945200AC22C2 /* AppDelegate.swift */,
				1B195B3421B7945300AC22C2 /* Assets.xcassets */,
				1B195B3621B7945300AC22C2 /* LaunchScreen.storyboard */,
				1B195B3921B7945300AC22C2 /* Info.plist */,
			);
			path = Resources;
			sourceTree = "<group>";
		};
		1B195B4921B795FA00AC22C2 /* Model */ = {
			isa = PBXGroup;
			children = (
				1B195B4421B795AA00AC22C2 /* CoreDataStack.swift */,
				1B195B4621B795F100AC22C2 /* Task.xcdatamodeld */,
				1B195B4B21B796D200AC22C2 /* Task+Convenience.swift */,
			);
			path = Model;
			sourceTree = "<group>";
		};
		1B195B4A21B7960100AC22C2 /* ViewControllers */ = {
			isa = PBXGroup;
			children = (
				1B195B4021B794D800AC22C2 /* TaskListTableViewController.swift */,
				1B195B4221B7958F00AC22C2 /* TaskDetailTableViewController.swift */,
			);
			path = ViewControllers;
			sourceTree = "<group>";
		};
		1B195B4F21B797C800AC22C2 /* ModelControllers */ = {
			isa = PBXGroup;
			children = (
				1B195B4D21B797C200AC22C2 /* TaskController.swift */,
			);
			path = ModelControllers;
			sourceTree = "<group>";
		};
/* End PBXGroup section */

/* Begin PBXNativeTarget section */
		1B195B2921B7945200AC22C2 /* Task */ = {
			isa = PBXNativeTarget;
			buildConfigurationList = 1B195B3C21B7945300AC22C2 /* Build configuration list for PBXNativeTarget "Task" */;
			buildPhases = (
				1B195B2621B7945200AC22C2 /* Sources */,
				1B195B2721B7945200AC22C2 /* Frameworks */,
				1B195B2821B7945200AC22C2 /* Resources */,
			);
			buildRules = (
			);
			dependencies = (
			);
			name = Task;
			productName = Task;
			productReference = 1B195B2A21B7945200AC22C2 /* Task.app */;
			productType = "com.apple.product-type.application";
		};
/* End PBXNativeTarget section */

/* Begin PBXProject section */
		1B195B2221B7945200AC22C2 /* Project object */ = {
			isa = PBXProject;
			attributes = {
				LastSwiftUpdateCheck = 1010;
				LastUpgradeCheck = 1010;
				ORGANIZATIONNAME = "Steve Lederer";
				TargetAttributes = {
					1B195B2921B7945200AC22C2 = {
						CreatedOnToolsVersion = 10.1;
					};
				};
			};
			buildConfigurationList = 1B195B2521B7945200AC22C2 /* Build configuration list for PBXProject "Task" */;
			compatibilityVersion = "Xcode 9.3";
			developmentRegion = en;
			hasScannedForEncodings = 0;
			knownRegions = (
				en,
				Base,
			);
			mainGroup = 1B195B2121B7945200AC22C2;
			productRefGroup = 1B195B2B21B7945200AC22C2 /* Products */;
			projectDirPath = "";
			projectRoot = "";
			targets = (
				1B195B2921B7945200AC22C2 /* Task */,
			);
		};
/* End PBXProject section */

/* Begin PBXResourcesBuildPhase section */
		1B195B2821B7945200AC22C2 /* Resources */ = {
			isa = PBXResourcesBuildPhase;
			buildActionMask = 2147483647;
			files = (
				1B195B3821B7945300AC22C2 /* LaunchScreen.storyboard in Resources */,
				1B195B3521B7945300AC22C2 /* Assets.xcassets in Resources */,
				1B195B3321B7945200AC22C2 /* Main.storyboard in Resources */,
			);
			runOnlyForDeploymentPostprocessing = 0;
		};
/* End PBXResourcesBuildPhase section */

/* Begin PBXSourcesBuildPhase section */
		1B195B2621B7945200AC22C2 /* Sources */ = {
			isa = PBXSourcesBuildPhase;
			buildActionMask = 2147483647;
			files = (
				1B195B4E21B797C200AC22C2 /* TaskController.swift in Sources */,
				1B195B4121B794D800AC22C2 /* TaskListTableViewController.swift in Sources */,
				1B195B2E21B7945200AC22C2 /* AppDelegate.swift in Sources */,
				1B195B4C21B796D200AC22C2 /* Task+Convenience.swift in Sources */,
				1B195B4321B7958F00AC22C2 /* TaskDetailTableViewController.swift in Sources */,
				1B195B4821B795F100AC22C2 /* Task.xcdatamodeld in Sources */,
				1B195B4521B795AA00AC22C2 /* CoreDataStack.swift in Sources */,
			);
			runOnlyForDeploymentPostprocessing = 0;
		};
/* End PBXSourcesBuildPhase section */

/* Begin PBXVariantGroup section */
		1B195B3121B7945200AC22C2 /* Main.storyboard */ = {
			isa = PBXVariantGroup;
			children = (
				1B195B3221B7945200AC22C2 /* Base */,
			);
			name = Main.storyboard;
			sourceTree = "<group>";
		};
		1B195B3621B7945300AC22C2 /* LaunchScreen.storyboard */ = {
			isa = PBXVariantGroup;
			children = (
				1B195B3721B7945300AC22C2 /* Base */,
			);
			name = LaunchScreen.storyboard;
			sourceTree = "<group>";
		};
/* End PBXVariantGroup section */

/* Begin XCBuildConfiguration section */
		1B195B3A21B7945300AC22C2 /* Debug */ = {
			isa = XCBuildConfiguration;
			buildSettings = {
				ALWAYS_SEARCH_USER_PATHS = NO;
				CLANG_ANALYZER_NONNULL = YES;
				CLANG_ANALYZER_NUMBER_OBJECT_CONVERSION = YES_AGGRESSIVE;
				CLANG_CXX_LANGUAGE_STANDARD = "gnu++14";
				CLANG_CXX_LIBRARY = "libc++";
				CLANG_ENABLE_MODULES = YES;
				CLANG_ENABLE_OBJC_ARC = YES;
				CLANG_ENABLE_OBJC_WEAK = YES;
				CLANG_WARN_BLOCK_CAPTURE_AUTORELEASING = YES;
				CLANG_WARN_BOOL_CONVERSION = YES;
				CLANG_WARN_COMMA = YES;
				CLANG_WARN_CONSTANT_CONVERSION = YES;
				CLANG_WARN_DEPRECATED_OBJC_IMPLEMENTATIONS = YES;
				CLANG_WARN_DIRECT_OBJC_ISA_USAGE = YES_ERROR;
				CLANG_WARN_DOCUMENTATION_COMMENTS = YES;
				CLANG_WARN_EMPTY_BODY = YES;
				CLANG_WARN_ENUM_CONVERSION = YES;
				CLANG_WARN_INFINITE_RECURSION = YES;
				CLANG_WARN_INT_CONVERSION = YES;
				CLANG_WARN_NON_LITERAL_NULL_CONVERSION = YES;
				CLANG_WARN_OBJC_IMPLICIT_RETAIN_SELF = YES;
				CLANG_WARN_OBJC_LITERAL_CONVERSION = YES;
				CLANG_WARN_OBJC_ROOT_CLASS = YES_ERROR;
				CLANG_WARN_RANGE_LOOP_ANALYSIS = YES;
				CLANG_WARN_STRICT_PROTOTYPES = YES;
				CLANG_WARN_SUSPICIOUS_MOVE = YES;
				CLANG_WARN_UNGUARDED_AVAILABILITY = YES_AGGRESSIVE;
				CLANG_WARN_UNREACHABLE_CODE = YES;
				CLANG_WARN__DUPLICATE_METHOD_MATCH = YES;
				CODE_SIGN_IDENTITY = "iPhone Developer";
				COPY_PHASE_STRIP = NO;
				DEBUG_INFORMATION_FORMAT = dwarf;
				ENABLE_STRICT_OBJC_MSGSEND = YES;
				ENABLE_TESTABILITY = YES;
				GCC_C_LANGUAGE_STANDARD = gnu11;
				GCC_DYNAMIC_NO_PIC = NO;
				GCC_NO_COMMON_BLOCKS = YES;
				GCC_OPTIMIZATION_LEVEL = 0;
				GCC_PREPROCESSOR_DEFINITIONS = (
					"DEBUG=1",
					"$(inherited)",
				);
				GCC_WARN_64_TO_32_BIT_CONVERSION = YES;
				GCC_WARN_ABOUT_RETURN_TYPE = YES_ERROR;
				GCC_WARN_UNDECLARED_SELECTOR = YES;
				GCC_WARN_UNINITIALIZED_AUTOS = YES_AGGRESSIVE;
				GCC_WARN_UNUSED_FUNCTION = YES;
				GCC_WARN_UNUSED_VARIABLE = YES;
				IPHONEOS_DEPLOYMENT_TARGET = 12.1;
				MTL_ENABLE_DEBUG_INFO = INCLUDE_SOURCE;
				MTL_FAST_MATH = YES;
				ONLY_ACTIVE_ARCH = YES;
				SDKROOT = iphoneos;
				SWIFT_ACTIVE_COMPILATION_CONDITIONS = DEBUG;
				SWIFT_OPTIMIZATION_LEVEL = "-Onone";
			};
			name = Debug;
		};
		1B195B3B21B7945300AC22C2 /* Release */ = {
			isa = XCBuildConfiguration;
			buildSettings = {
				ALWAYS_SEARCH_USER_PATHS = NO;
				CLANG_ANALYZER_NONNULL = YES;
				CLANG_ANALYZER_NUMBER_OBJECT_CONVERSION = YES_AGGRESSIVE;
				CLANG_CXX_LANGUAGE_STANDARD = "gnu++14";
				CLANG_CXX_LIBRARY = "libc++";
				CLANG_ENABLE_MODULES = YES;
				CLANG_ENABLE_OBJC_ARC = YES;
				CLANG_ENABLE_OBJC_WEAK = YES;
				CLANG_WARN_BLOCK_CAPTURE_AUTORELEASING = YES;
				CLANG_WARN_BOOL_CONVERSION = YES;
				CLANG_WARN_COMMA = YES;
				CLANG_WARN_CONSTANT_CONVERSION = YES;
				CLANG_WARN_DEPRECATED_OBJC_IMPLEMENTATIONS = YES;
				CLANG_WARN_DIRECT_OBJC_ISA_USAGE = YES_ERROR;
				CLANG_WARN_DOCUMENTATION_COMMENTS = YES;
				CLANG_WARN_EMPTY_BODY = YES;
				CLANG_WARN_ENUM_CONVERSION = YES;
				CLANG_WARN_INFINITE_RECURSION = YES;
				CLANG_WARN_INT_CONVERSION = YES;
				CLANG_WARN_NON_LITERAL_NULL_CONVERSION = YES;
				CLANG_WARN_OBJC_IMPLICIT_RETAIN_SELF = YES;
				CLANG_WARN_OBJC_LITERAL_CONVERSION = YES;
				CLANG_WARN_OBJC_ROOT_CLASS = YES_ERROR;
				CLANG_WARN_RANGE_LOOP_ANALYSIS = YES;
				CLANG_WARN_STRICT_PROTOTYPES = YES;
				CLANG_WARN_SUSPICIOUS_MOVE = YES;
				CLANG_WARN_UNGUARDED_AVAILABILITY = YES_AGGRESSIVE;
				CLANG_WARN_UNREACHABLE_CODE = YES;
				CLANG_WARN__DUPLICATE_METHOD_MATCH = YES;
				CODE_SIGN_IDENTITY = "iPhone Developer";
				COPY_PHASE_STRIP = NO;
				DEBUG_INFORMATION_FORMAT = "dwarf-with-dsym";
				ENABLE_NS_ASSERTIONS = NO;
				ENABLE_STRICT_OBJC_MSGSEND = YES;
				GCC_C_LANGUAGE_STANDARD = gnu11;
				GCC_NO_COMMON_BLOCKS = YES;
				GCC_WARN_64_TO_32_BIT_CONVERSION = YES;
				GCC_WARN_ABOUT_RETURN_TYPE = YES_ERROR;
				GCC_WARN_UNDECLARED_SELECTOR = YES;
				GCC_WARN_UNINITIALIZED_AUTOS = YES_AGGRESSIVE;
				GCC_WARN_UNUSED_FUNCTION = YES;
				GCC_WARN_UNUSED_VARIABLE = YES;
				IPHONEOS_DEPLOYMENT_TARGET = 12.1;
				MTL_ENABLE_DEBUG_INFO = NO;
				MTL_FAST_MATH = YES;
				SDKROOT = iphoneos;
				SWIFT_COMPILATION_MODE = wholemodule;
				SWIFT_OPTIMIZATION_LEVEL = "-O";
				VALIDATE_PRODUCT = YES;
			};
			name = Release;
		};
		1B195B3D21B7945300AC22C2 /* Debug */ = {
			isa = XCBuildConfiguration;
			buildSettings = {
				ASSETCATALOG_COMPILER_APPICON_NAME = AppIcon;
				CODE_SIGN_STYLE = Automatic;
				DEVELOPMENT_TEAM = 56CLV9J785;
				INFOPLIST_FILE = "$(SRCROOT)/Task/Resources/Info.plist";
				LD_RUNPATH_SEARCH_PATHS = (
					"$(inherited)",
					"@executable_path/Frameworks",
				);
				PRODUCT_BUNDLE_IDENTIFIER = com.stevelederer.Task;
				PRODUCT_NAME = "$(TARGET_NAME)";
				SWIFT_VERSION = 4.2;
				TARGETED_DEVICE_FAMILY = "1,2";
			};
			name = Debug;
		};
		1B195B3E21B7945300AC22C2 /* Release */ = {
			isa = XCBuildConfiguration;
			buildSettings = {
				ASSETCATALOG_COMPILER_APPICON_NAME = AppIcon;
				CODE_SIGN_STYLE = Automatic;
				DEVELOPMENT_TEAM = 56CLV9J785;
				INFOPLIST_FILE = "$(SRCROOT)/Task/Resources/Info.plist";
				LD_RUNPATH_SEARCH_PATHS = (
					"$(inherited)",
					"@executable_path/Frameworks",
				);
				PRODUCT_BUNDLE_IDENTIFIER = com.stevelederer.Task;
				PRODUCT_NAME = "$(TARGET_NAME)";
				SWIFT_VERSION = 4.2;
				TARGETED_DEVICE_FAMILY = "1,2";
			};
			name = Release;
		};
/* End XCBuildConfiguration section */

/* Begin XCConfigurationList section */
		1B195B2521B7945200AC22C2 /* Build configuration list for PBXProject "Task" */ = {
			isa = XCConfigurationList;
			buildConfigurations = (
				1B195B3A21B7945300AC22C2 /* Debug */,
				1B195B3B21B7945300AC22C2 /* Release */,
			);
			defaultConfigurationIsVisible = 0;
			defaultConfigurationName = Release;
		};
		1B195B3C21B7945300AC22C2 /* Build configuration list for PBXNativeTarget "Task" */ = {
			isa = XCConfigurationList;
			buildConfigurations = (
				1B195B3D21B7945300AC22C2 /* Debug */,
				1B195B3E21B7945300AC22C2 /* Release */,
			);
			defaultConfigurationIsVisible = 0;
			defaultConfigurationName = Release;
		};
/* End XCConfigurationList section */

/* Begin XCVersionGroup section */
		1B195B4621B795F100AC22C2 /* Task.xcdatamodeld */ = {
			isa = XCVersionGroup;
			children = (
				1B195B4721B795F100AC22C2 /* Task.xcdatamodel */,
			);
			currentVersion = 1B195B4721B795F100AC22C2 /* Task.xcdatamodel */;
			path = Task.xcdatamodeld;
			sourceTree = "<group>";
			versionGroupType = wrapper.xcdatamodel;
		};
/* End XCVersionGroup section */
	};
	rootObject = 1B195B2221B7945200AC22C2 /* Project object */;
}
